// !$*UTF8*$!
{
	archiveVersion = 1;
	classes = {
	};
	objectVersion = 46;
	objects = {

/* Begin PBXBuildFile section */
		DD7D83831D9BFFCE004830F1 /* main.m in Sources */ = {isa = PBXBuildFile; fileRef = DD7D83821D9BFFCE004830F1 /* main.m */; };
		DD7D83861D9BFFCE004830F1 /* AppDelegate.m in Sources */ = {isa = PBXBuildFile; fileRef = DD7D83851D9BFFCE004830F1 /* AppDelegate.m */; };
		DD7D83891D9BFFCE004830F1 /* ViewController.m in Sources */ = {isa = PBXBuildFile; fileRef = DD7D83881D9BFFCE004830F1 /* ViewController.m */; };
		DD7D838C1D9BFFCE004830F1 /* Main.storyboard in Resources */ = {isa = PBXBuildFile; fileRef = DD7D838A1D9BFFCE004830F1 /* Main.storyboard */; };
		DD7D838E1D9BFFCE004830F1 /* Assets.xcassets in Resources */ = {isa = PBXBuildFile; fileRef = DD7D838D1D9BFFCE004830F1 /* Assets.xcassets */; };
		DD7D83911D9BFFCE004830F1 /* LaunchScreen.storyboard in Resources */ = {isa = PBXBuildFile; fileRef = DD7D838F1D9BFFCE004830F1 /* LaunchScreen.storyboard */; };
		DD7D839C1D9BFFCE004830F1 /* GravityCollectionViewDemoTests.m in Sources */ = {isa = PBXBuildFile; fileRef = DD7D839B1D9BFFCE004830F1 /* GravityCollectionViewDemoTests.m */; };
		DD7D83A71D9BFFCE004830F1 /* GravityCollectionViewDemoUITests.m in Sources */ = {isa = PBXBuildFile; fileRef = DD7D83A61D9BFFCE004830F1 /* GravityCollectionViewDemoUITests.m */; };
/* End PBXBuildFile section */

/* Begin PBXContainerItemProxy section */
		DD7D83981D9BFFCE004830F1 /* PBXContainerItemProxy */ = {
			isa = PBXContainerItemProxy;
			containerPortal = DD7D83761D9BFFCE004830F1 /* Project object */;
			proxyType = 1;
			remoteGlobalIDString = DD7D837D1D9BFFCE004830F1;
			remoteInfo = GravityCollectionViewDemo;
		};
		DD7D83A31D9BFFCE004830F1 /* PBXContainerItemProxy */ = {
			isa = PBXContainerItemProxy;
			containerPortal = DD7D83761D9BFFCE004830F1 /* Project object */;
			proxyType = 1;
			remoteGlobalIDString = DD7D837D1D9BFFCE004830F1;
			remoteInfo = GravityCollectionViewDemo;
		};
/* End PBXContainerItemProxy section */

/* Begin PBXFileReference section */
		DD7D837E1D9BFFCE004830F1 /* GravityCollectionViewDemo.app */ = {isa = PBXFileReference; explicitFileType = wrapper.application; includeInIndex = 0; path = GravityCollectionViewDemo.app; sourceTree = BUILT_PRODUCTS_DIR; };
		DD7D83821D9BFFCE004830F1 /* main.m */ = {isa = PBXFileReference; lastKnownFileType = sourcecode.c.objc; path = main.m; sourceTree = "<group>"; };
		DD7D83841D9BFFCE004830F1 /* AppDelegate.h */ = {isa = PBXFileReference; lastKnownFileType = sourcecode.c.h; path = AppDelegate.h; sourceTree = "<group>"; };
		DD7D83851D9BFFCE004830F1 /* AppDelegate.m */ = {isa = PBXFileReference; lastKnownFileType = sourcecode.c.objc; path = AppDelegate.m; sourceTree = "<group>"; };
		DD7D83871D9BFFCE004830F1 /* ViewController.h */ = {isa = PBXFileReference; lastKnownFileType = sourcecode.c.h; path = ViewController.h; sourceTree = "<group>"; };
		DD7D83881D9BFFCE004830F1 /* ViewController.m */ = {isa = PBXFileReference; lastKnownFileType = sourcecode.c.objc; path = ViewController.m; sourceTree = "<group>"; };
		DD7D838B1D9BFFCE004830F1 /* Base */ = {isa = PBXFileReference; lastKnownFileType = file.storyboard; name = Base; path = Base.lproj/Main.storyboard; sourceTree = "<group>"; };
		DD7D838D1D9BFFCE004830F1 /* Assets.xcassets */ = {isa = PBXFileReference; lastKnownFileType = folder.assetcatalog; path = Assets.xcassets; sourceTree = "<group>"; };
		DD7D83901D9BFFCE004830F1 /* Base */ = {isa = PBXFileReference; lastKnownFileType = file.storyboard; name = Base; path = Base.lproj/LaunchScreen.storyboard; sourceTree = "<group>"; };
		DD7D83921D9BFFCE004830F1 /* Info.plist */ = {isa = PBXFileReference; lastKnownFileType = text.plist.xml; path = Info.plist; sourceTree = "<group>"; };
		DD7D83971D9BFFCE004830F1 /* GravityCollectionViewDemoTests.xctest */ = {isa = PBXFileReference; explicitFileType = wrapper.cfbundle; includeInIndex = 0; path = GravityCollectionViewDemoTests.xctest; sourceTree = BUILT_PRODUCTS_DIR; };
		DD7D839B1D9BFFCE004830F1 /* GravityCollectionViewDemoTests.m */ = {isa = PBXFileReference; lastKnownFileType = sourcecode.c.objc; path = GravityCollectionViewDemoTests.m; sourceTree = "<group>"; };
		DD7D839D1D9BFFCE004830F1 /* Info.plist */ = {isa = PBXFileReference; lastKnownFileType = text.plist.xml; path = Info.plist; sourceTree = "<group>"; };
		DD7D83A21D9BFFCE004830F1 /* GravityCollectionViewDemoUITests.xctest */ = {isa = PBXFileReference; explicitFileType = wrapper.cfbundle; includeInIndex = 0; path = GravityCollectionViewDemoUITests.xctest; sourceTree = BUILT_PRODUCTS_DIR; };
		DD7D83A61D9BFFCE004830F1 /* GravityCollectionViewDemoUITests.m */ = {isa = PBXFileReference; lastKnownFileType = sourcecode.c.objc; path = GravityCollectionViewDemoUITests.m; sourceTree = "<group>"; };
		DD7D83A81D9BFFCE004830F1 /* Info.plist */ = {isa = PBXFileReference; lastKnownFileType = text.plist.xml; path = Info.plist; sourceTree = "<group>"; };
/* End PBXFileReference section */

/* Begin PBXFrameworksBuildPhase section */
		DD7D837B1D9BFFCE004830F1 /* Frameworks */ = {
			isa = PBXFrameworksBuildPhase;
			buildActionMask = 2147483647;
			files = (
			);
			runOnlyForDeploymentPostprocessing = 0;
		};
		DD7D83941D9BFFCE004830F1 /* Frameworks */ = {
			isa = PBXFrameworksBuildPhase;
			buildActionMask = 2147483647;
			files = (
			);
			runOnlyForDeploymentPostprocessing = 0;
		};
		DD7D839F1D9BFFCE004830F1 /* Frameworks */ = {
			isa = PBXFrameworksBuildPhase;
			buildActionMask = 2147483647;
			files = (
			);
			runOnlyForDeploymentPostprocessing = 0;
		};
/* End PBXFrameworksBuildPhase section */

/* Begin PBXGroup section */
		DD7D83751D9BFFCE004830F1 = {
			isa = PBXGroup;
			children = (
				DD7D83801D9BFFCE004830F1 /* GravityCollectionViewDemo */,
				DD7D839A1D9BFFCE004830F1 /* GravityCollectionViewDemoTests */,
				DD7D83A51D9BFFCE004830F1 /* GravityCollectionViewDemoUITests */,
				DD7D837F1D9BFFCE004830F1 /* Products */,
			);
			sourceTree = "<group>";
		};
		DD7D837F1D9BFFCE004830F1 /* Products */ = {
			isa = PBXGroup;
			children = (
				DD7D837E1D9BFFCE004830F1 /* GravityCollectionViewDemo.app */,
				DD7D83971D9BFFCE004830F1 /* GravityCollectionViewDemoTests.xctest */,
				DD7D83A21D9BFFCE004830F1 /* GravityCollectionViewDemoUITests.xctest */,
			);
			name = Products;
			sourceTree = "<group>";
		};
		DD7D83801D9BFFCE004830F1 /* GravityCollectionViewDemo */ = {
			isa = PBXGroup;
			children = (
				DD7D83841D9BFFCE004830F1 /* AppDelegate.h */,
				DD7D83851D9BFFCE004830F1 /* AppDelegate.m */,
				DD7D83871D9BFFCE004830F1 /* ViewController.h */,
				DD7D83881D9BFFCE004830F1 /* ViewController.m */,
				DD7D838A1D9BFFCE004830F1 /* Main.storyboard */,
				DD7D838D1D9BFFCE004830F1 /* Assets.xcassets */,
				DD7D838F1D9BFFCE004830F1 /* LaunchScreen.storyboard */,
				DD7D83921D9BFFCE004830F1 /* Info.plist */,
				DD7D83811D9BFFCE004830F1 /* Supporting Files */,
			);
			path = GravityCollectionViewDemo;
			sourceTree = "<group>";
		};
		DD7D83811D9BFFCE004830F1 /* Supporting Files */ = {
			isa = PBXGroup;
			children = (
				DD7D83821D9BFFCE004830F1 /* main.m */,
			);
			name = "Supporting Files";
			sourceTree = "<group>";
		};
		DD7D839A1D9BFFCE004830F1 /* GravityCollectionViewDemoTests */ = {
			isa = PBXGroup;
			children = (
				DD7D839B1D9BFFCE004830F1 /* GravityCollectionViewDemoTests.m */,
				DD7D839D1D9BFFCE004830F1 /* Info.plist */,
			);
			path = GravityCollectionViewDemoTests;
			sourceTree = "<group>";
		};
		DD7D83A51D9BFFCE004830F1 /* GravityCollectionViewDemoUITests */ = {
			isa = PBXGroup;
			children = (
				DD7D83A61D9BFFCE004830F1 /* GravityCollectionViewDemoUITests.m */,
				DD7D83A81D9BFFCE004830F1 /* Info.plist */,
			);
			path = GravityCollectionViewDemoUITests;
			sourceTree = "<group>";
		};
/* End PBXGroup section */

/* Begin PBXNativeTarget section */
		DD7D837D1D9BFFCE004830F1 /* GravityCollectionViewDemo */ = {
			isa = PBXNativeTarget;
			buildConfigurationList = DD7D83AB1D9BFFCE004830F1 /* Build configuration list for PBXNativeTarget "GravityCollectionViewDemo" */;
			buildPhases = (
				DD7D837A1D9BFFCE004830F1 /* Sources */,
				DD7D837B1D9BFFCE004830F1 /* Frameworks */,
				DD7D837C1D9BFFCE004830F1 /* Resources */,
			);
			buildRules = (
			);
			dependencies = (
			);
			name = GravityCollectionViewDemo;
			productName = GravityCollectionViewDemo;
			productReference = DD7D837E1D9BFFCE004830F1 /* GravityCollectionViewDemo.app */;
			productType = "com.apple.product-type.application";
		};
		DD7D83961D9BFFCE004830F1 /* GravityCollectionViewDemoTests */ = {
			isa = PBXNativeTarget;
			buildConfigurationList = DD7D83AE1D9BFFCE004830F1 /* Build configuration list for PBXNativeTarget "GravityCollectionViewDemoTests" */;
			buildPhases = (
				DD7D83931D9BFFCE004830F1 /* Sources */,
				DD7D83941D9BFFCE004830F1 /* Frameworks */,
				DD7D83951D9BFFCE004830F1 /* Resources */,
			);
			buildRules = (
			);
			dependencies = (
				DD7D83991D9BFFCE004830F1 /* PBXTargetDependency */,
			);
			name = GravityCollectionViewDemoTests;
			productName = GravityCollectionViewDemoTests;
			productReference = DD7D83971D9BFFCE004830F1 /* GravityCollectionViewDemoTests.xctest */;
			productType = "com.apple.product-type.bundle.unit-test";
		};
		DD7D83A11D9BFFCE004830F1 /* GravityCollectionViewDemoUITests */ = {
			isa = PBXNativeTarget;
			buildConfigurationList = DD7D83B11D9BFFCE004830F1 /* Build configuration list for PBXNativeTarget "GravityCollectionViewDemoUITests" */;
			buildPhases = (
				DD7D839E1D9BFFCE004830F1 /* Sources */,
				DD7D839F1D9BFFCE004830F1 /* Frameworks */,
				DD7D83A01D9BFFCE004830F1 /* Resources */,
			);
			buildRules = (
			);
			dependencies = (
				DD7D83A41D9BFFCE004830F1 /* PBXTargetDependency */,
			);
			name = GravityCollectionViewDemoUITests;
			productName = GravityCollectionViewDemoUITests;
			productReference = DD7D83A21D9BFFCE004830F1 /* GravityCollectionViewDemoUITests.xctest */;
			productType = "com.apple.product-type.bundle.ui-testing";
		};
/* End PBXNativeTarget section */

/* Begin PBXProject section */
		DD7D83761D9BFFCE004830F1 /* Project object */ = {
			isa = PBXProject;
			attributes = {
				LastUpgradeCheck = 0800;
				ORGANIZATIONNAME = "谢英泽";
				TargetAttributes = {
					DD7D837D1D9BFFCE004830F1 = {
						CreatedOnToolsVersion = 8.0;
						DevelopmentTeam = R98HL8855H;
						ProvisioningStyle = Automatic;
					};
					DD7D83961D9BFFCE004830F1 = {
						CreatedOnToolsVersion = 8.0;
						DevelopmentTeam = R98HL8855H;
						ProvisioningStyle = Automatic;
						TestTargetID = DD7D837D1D9BFFCE004830F1;
					};
					DD7D83A11D9BFFCE004830F1 = {
						CreatedOnToolsVersion = 8.0;
						DevelopmentTeam = R98HL8855H;
						ProvisioningStyle = Automatic;
						TestTargetID = DD7D837D1D9BFFCE004830F1;
					};
				};
			};
			buildConfigurationList = DD7D83791D9BFFCE004830F1 /* Build configuration list for PBXProject "GravityCollectionViewDemo" */;
			compatibilityVersion = "Xcode 3.2";
			developmentRegion = English;
			hasScannedForEncodings = 0;
			knownRegions = (
				en,
				Base,
			);
			mainGroup = DD7D83751D9BFFCE004830F1;
			productRefGroup = DD7D837F1D9BFFCE004830F1 /* Products */;
			projectDirPath = "";
			projectRoot = "";
			targets = (
				DD7D837D1D9BFFCE004830F1 /* GravityCollectionViewDemo */,
				DD7D83961D9BFFCE004830F1 /* GravityCollectionViewDemoTests */,
				DD7D83A11D9BFFCE004830F1 /* GravityCollectionViewDemoUITests */,
			);
		};
/* End PBXProject section */

/* Begin PBXResourcesBuildPhase section */
		DD7D837C1D9BFFCE004830F1 /* Resources */ = {
			isa = PBXResourcesBuildPhase;
			buildActionMask = 2147483647;
			files = (
				DD7D83911D9BFFCE004830F1 /* LaunchScreen.storyboard in Resources */,
				DD7D838E1D9BFFCE004830F1 /* Assets.xcassets in Resources */,
				DD7D838C1D9BFFCE004830F1 /* Main.storyboard in Resources */,
			);
			runOnlyForDeploymentPostprocessing = 0;
		};
		DD7D83951D9BFFCE004830F1 /* Resources */ = {
			isa = PBXResourcesBuildPhase;
			buildActionMask = 2147483647;
			files = (
			);
			runOnlyForDeploymentPostprocessing = 0;
		};
		DD7D83A01D9BFFCE004830F1 /* Resources */ = {
			isa = PBXResourcesBuildPhase;
			buildActionMask = 2147483647;
			files = (
			);
			runOnlyForDeploymentPostprocessing = 0;
		};
/* End PBXResourcesBuildPhase section */

/* Begin PBXSourcesBuildPhase section */
		DD7D837A1D9BFFCE004830F1 /* Sources */ = {
			isa = PBXSourcesBuildPhase;
			buildActionMask = 2147483647;
			files = (
				DD7D83891D9BFFCE004830F1 /* ViewController.m in Sources */,
				DD7D83861D9BFFCE004830F1 /* AppDelegate.m in Sources */,
				DD7D83831D9BFFCE004830F1 /* main.m in Sources */,
			);
			runOnlyForDeploymentPostprocessing = 0;
		};
		DD7D83931D9BFFCE004830F1 /* Sources */ = {
			isa = PBXSourcesBuildPhase;
			buildActionMask = 2147483647;
			files = (
				DD7D839C1D9BFFCE004830F1 /* GravityCollectionViewDemoTests.m in Sources */,
			);
			runOnlyForDeploymentPostprocessing = 0;
		};
		DD7D839E1D9BFFCE004830F1 /* Sources */ = {
			isa = PBXSourcesBuildPhase;
			buildActionMask = 2147483647;
			files = (
				DD7D83A71D9BFFCE004830F1 /* GravityCollectionViewDemoUITests.m in Sources */,
			);
			runOnlyForDeploymentPostprocessing = 0;
		};
/* End PBXSourcesBuildPhase section */

/* Begin PBXTargetDependency section */
		DD7D83991D9BFFCE004830F1 /* PBXTargetDependency */ = {
			isa = PBXTargetDependency;
			target = DD7D837D1D9BFFCE004830F1 /* GravityCollectionViewDemo */;
			targetProxy = DD7D83981D9BFFCE004830F1 /* PBXContainerItemProxy */;
		};
		DD7D83A41D9BFFCE004830F1 /* PBXTargetDependency */ = {
			isa = PBXTargetDependency;
			target = DD7D837D1D9BFFCE004830F1 /* GravityCollectionViewDemo */;
			targetProxy = DD7D83A31D9BFFCE004830F1 /* PBXContainerItemProxy */;
		};
/* End PBXTargetDependency section */

/* Begin PBXVariantGroup section */
		DD7D838A1D9BFFCE004830F1 /* Main.storyboard */ = {
			isa = PBXVariantGroup;
			children = (
				DD7D838B1D9BFFCE004830F1 /* Base */,
			);
			name = Main.storyboard;
			sourceTree = "<group>";
		};
		DD7D838F1D9BFFCE004830F1 /* LaunchScreen.storyboard */ = {
			isa = PBXVariantGroup;
			children = (
				DD7D83901D9BFFCE004830F1 /* Base */,
			);
			name = LaunchScreen.storyboard;
			sourceTree = "<group>";
		};
/* End PBXVariantGroup section */

/* Begin XCBuildConfiguration section */
		DD7D83A91D9BFFCE004830F1 /* Debug */ = {
			isa = XCBuildConfiguration;
			buildSettings = {
				ALWAYS_SEARCH_USER_PATHS = NO;
				CLANG_ANALYZER_NONNULL = YES;
				CLANG_CXX_LANGUAGE_STANDARD = "gnu++0x";
				CLANG_CXX_LIBRARY = "libc++";
				CLANG_ENABLE_MODULES = YES;
				CLANG_ENABLE_OBJC_ARC = YES;
				CLANG_WARN_BOOL_CONVERSION = YES;
				CLANG_WARN_CONSTANT_CONVERSION = YES;
				CLANG_WARN_DIRECT_OBJC_ISA_USAGE = YES_ERROR;
				CLANG_WARN_DOCUMENTATION_COMMENTS = YES;
				CLANG_WARN_EMPTY_BODY = YES;
				CLANG_WARN_ENUM_CONVERSION = YES;
				CLANG_WARN_INFINITE_RECURSION = YES;
				CLANG_WARN_INT_CONVERSION = YES;
				CLANG_WARN_OBJC_ROOT_CLASS = YES_ERROR;
				CLANG_WARN_SUSPICIOUS_MOVES = YES;
				CLANG_WARN_UNREACHABLE_CODE = YES;
				CLANG_WARN__DUPLICATE_METHOD_MATCH = YES;
				"CODE_SIGN_IDENTITY[sdk=iphoneos*]" = "iPhone Developer";
				COPY_PHASE_STRIP = NO;
				DEBUG_INFORMATION_FORMAT = dwarf;
				ENABLE_STRICT_OBJC_MSGSEND = YES;
				ENABLE_TESTABILITY = YES;
				GCC_C_LANGUAGE_STANDARD = gnu99;
				GCC_DYNAMIC_NO_PIC = NO;
				GCC_NO_COMMON_BLOCKS = YES;
				GCC_OPTIMIZATION_LEVEL = 0;
				GCC_PREPROCESSOR_DEFINITIONS = (
					"DEBUG=1",
					"$(inherited)",
				);
				GCC_WARN_64_TO_32_BIT_CONVERSION = YES;
				GCC_WARN_ABOUT_RETURN_TYPE = YES_ERROR;
				GCC_WARN_UNDECLARED_SELECTOR = YES;
				GCC_WARN_UNINITIALIZED_AUTOS = YES_AGGRESSIVE;
				GCC_WARN_UNUSED_FUNCTION = YES;
				GCC_WARN_UNUSED_VARIABLE = YES;
				IPHONEOS_DEPLOYMENT_TARGET = 10.0;
				MTL_ENABLE_DEBUG_INFO = YES;
				ONLY_ACTIVE_ARCH = YES;
				SDKROOT = iphoneos;
				TARGETED_DEVICE_FAMILY = "1,2";
			};
			name = Debug;
		};
		DD7D83AA1D9BFFCE004830F1 /* Release */ = {
			isa = XCBuildConfiguration;
			buildSettings = {
				ALWAYS_SEARCH_USER_PATHS = NO;
				CLANG_ANALYZER_NONNULL = YES;
				CLANG_CXX_LANGUAGE_STANDARD = "gnu++0x";
				CLANG_CXX_LIBRARY = "libc++";
				CLANG_ENABLE_MODULES = YES;
				CLANG_ENABLE_OBJC_ARC = YES;
				CLANG_WARN_BOOL_CONVERSION = YES;
				CLANG_WARN_CONSTANT_CONVERSION = YES;
				CLANG_WARN_DIRECT_OBJC_ISA_USAGE = YES_ERROR;
				CLANG_WARN_DOCUMENTATION_COMMENTS = YES;
				CLANG_WARN_EMPTY_BODY = YES;
				CLANG_WARN_ENUM_CONVERSION = YES;
				CLANG_WARN_INFINITE_RECURSION = YES;
				CLANG_WARN_INT_CONVERSION = YES;
				CLANG_WARN_OBJC_ROOT_CLASS = YES_ERROR;
				CLANG_WARN_SUSPICIOUS_MOVES = YES;
				CLANG_WARN_UNREACHABLE_CODE = YES;
				CLANG_WARN__DUPLICATE_METHOD_MATCH = YES;
				"CODE_SIGN_IDENTITY[sdk=iphoneos*]" = "iPhone Developer";
				COPY_PHASE_STRIP = NO;
				DEBUG_INFORMATION_FORMAT = "dwarf-with-dsym";
				ENABLE_NS_ASSERTIONS = NO;
				ENABLE_STRICT_OBJC_MSGSEND = YES;
				GCC_C_LANGUAGE_STANDARD = gnu99;
				GCC_NO_COMMON_BLOCKS = YES;
				GCC_WARN_64_TO_32_BIT_CONVERSION = YES;
				GCC_WARN_ABOUT_RETURN_TYPE = YES_ERROR;
				GCC_WARN_UNDECLARED_SELECTOR = YES;
				GCC_WARN_UNINITIALIZED_AUTOS = YES_AGGRESSIVE;
				GCC_WARN_UNUSED_FUNCTION = YES;
				GCC_WARN_UNUSED_VARIABLE = YES;
				IPHONEOS_DEPLOYMENT_TARGET = 10.0;
				MTL_ENABLE_DEBUG_INFO = NO;
				SDKROOT = iphoneos;
				TARGETED_DEVICE_FAMILY = "1,2";
				VALIDATE_PRODUCT = YES;
			};
			name = Release;
		};
		DD7D83AC1D9BFFCE004830F1 /* Debug */ = {
			isa = XCBuildConfiguration;
			buildSettings = {
				ASSETCATALOG_COMPILER_APPICON_NAME = AppIcon;
				DEVELOPMENT_TEAM = R98HL8855H;
				INFOPLIST_FILE = GravityCollectionViewDemo/Info.plist;
				LD_RUNPATH_SEARCH_PATHS = "$(inherited) @executable_path/Frameworks";
				PRODUCT_BUNDLE_IDENTIFIER = com.xieyingze.GravityCollectionViewDemo;
				PRODUCT_NAME = "$(TARGET_NAME)";
			};
			name = Debug;
		};
		DD7D83AD1D9BFFCE004830F1 /* Release */ = {
			isa = XCBuildConfiguration;
			buildSettings = {
				ASSETCATALOG_COMPILER_APPICON_NAME = AppIcon;
				DEVELOPMENT_TEAM = R98HL8855H;
				INFOPLIST_FILE = GravityCollectionViewDemo/Info.plist;
				LD_RUNPATH_SEARCH_PATHS = "$(inherited) @executable_path/Frameworks";
				PRODUCT_BUNDLE_IDENTIFIER = com.xieyingze.GravityCollectionViewDemo;
				PRODUCT_NAME = "$(TARGET_NAME)";
			};
			name = Release;
		};
		DD7D83AF1D9BFFCE004830F1 /* Debug */ = {
			isa = XCBuildConfiguration;
			buildSettings = {
				BUNDLE_LOADER = "$(TEST_HOST)";
				DEVELOPMENT_TEAM = R98HL8855H;
				INFOPLIST_FILE = GravityCollectionViewDemoTests/Info.plist;
				LD_RUNPATH_SEARCH_PATHS = "$(inherited) @executable_path/Frameworks @loader_path/Frameworks";
				PRODUCT_BUNDLE_IDENTIFIER = com.xieyingze.GravityCollectionViewDemoTests;
				PRODUCT_NAME = "$(TARGET_NAME)";
				TEST_HOST = "$(BUILT_PRODUCTS_DIR)/GravityCollectionViewDemo.app/GravityCollectionViewDemo";
			};
			name = Debug;
		};
		DD7D83B01D9BFFCE004830F1 /* Release */ = {
			isa = XCBuildConfiguration;
			buildSettings = {
				BUNDLE_LOADER = "$(TEST_HOST)";
				DEVELOPMENT_TEAM = R98HL8855H;
				INFOPLIST_FILE = GravityCollectionViewDemoTests/Info.plist;
				LD_RUNPATH_SEARCH_PATHS = "$(inherited) @executable_path/Frameworks @loader_path/Frameworks";
				PRODUCT_BUNDLE_IDENTIFIER = com.xieyingze.GravityCollectionViewDemoTests;
				PRODUCT_NAME = "$(TARGET_NAME)";
				TEST_HOST = "$(BUILT_PRODUCTS_DIR)/GravityCollectionViewDemo.app/GravityCollectionViewDemo";
			};
			name = Release;
		};
		DD7D83B21D9BFFCE004830F1 /* Debug */ = {
			isa = XCBuildConfiguration;
			buildSettings = {
				DEVELOPMENT_TEAM = R98HL8855H;
				INFOPLIST_FILE = GravityCollectionViewDemoUITests/Info.plist;
				LD_RUNPATH_SEARCH_PATHS = "$(inherited) @executable_path/Frameworks @loader_path/Frameworks";
				PRODUCT_BUNDLE_IDENTIFIER = com.xieyingze.GravityCollectionViewDemoUITests;
				PRODUCT_NAME = "$(TARGET_NAME)";
				TEST_TARGET_NAME = GravityCollectionViewDemo;
			};
			name = Debug;
		};
		DD7D83B31D9BFFCE004830F1 /* Release */ = {
			isa = XCBuildConfiguration;
			buildSettings = {
				DEVELOPMENT_TEAM = R98HL8855H;
				INFOPLIST_FILE = GravityCollectionViewDemoUITests/Info.plist;
				LD_RUNPATH_SEARCH_PATHS = "$(inherited) @executable_path/Frameworks @loader_path/Frameworks";
				PRODUCT_BUNDLE_IDENTIFIER = com.xieyingze.GravityCollectionViewDemoUITests;
				PRODUCT_NAME = "$(TARGET_NAME)";
				TEST_TARGET_NAME = GravityCollectionViewDemo;
			};
			name = Release;
		};
/* End XCBuildConfiguration section */

/* Begin XCConfigurationList section */
		DD7D83791D9BFFCE004830F1 /* Build configuration list for PBXProject "GravityCollectionViewDemo" */ = {
			isa = XCConfigurationList;
			buildConfigurations = (
				DD7D83A91D9BFFCE004830F1 /* Debug */,
				DD7D83AA1D9BFFCE004830F1 /* Release */,
			);
			defaultConfigurationIsVisible = 0;
			defaultConfigurationName = Release;
		};
		DD7D83AB1D9BFFCE004830F1 /* Build configuration list for PBXNativeTarget "GravityCollectionViewDemo" */ = {
			isa = XCConfigurationList;
			buildConfigurations = (
				DD7D83AC1D9BFFCE004830F1 /* Debug */,
				DD7D83AD1D9BFFCE004830F1 /* Release */,
			);
			defaultConfigurationIsVisible = 0;
		};
		DD7D83AE1D9BFFCE004830F1 /* Build configuration list for PBXNativeTarget "GravityCollectionViewDemoTests" */ = {
			isa = XCConfigurationList;
			buildConfigurations = (
				DD7D83AF1D9BFFCE004830F1 /* Debug */,
				DD7D83B01D9BFFCE004830F1 /* Release */,
			);
			defaultConfigurationIsVisible = 0;
		};
		DD7D83B11D9BFFCE004830F1 /* Build configuration list for PBXNativeTarget "GravityCollectionViewDemoUITests" */ = {
			isa = XCConfigurationList;
			buildConfigurations = (
				DD7D83B21D9BFFCE004830F1 /* Debug */,
				DD7D83B31D9BFFCE004830F1 /* Release */,
			);
			defaultConfigurationIsVisible = 0;
		};
/* End XCConfigurationList section */
	};
	rootObject = DD7D83761D9BFFCE004830F1 /* Project object */;
}
